
Microsoft Visual Studio Solution File, Format Version 12.00
# Visual Studio Version 16
VisualStudioVersion = 16.0.30011.22
MinimumVisualStudioVersion = 10.0.40219.1
Project("{9A19103F-16F7-4668-BE54-9A1E7A4F7556}") = "EmployeeManagement.Models", "EmployeeManagement.Models\EmployeeManagement.Models.csproj", "{8EA6832B-BB53-4304-BE56-AB54D633AD52}"
EndProject
Project("{FAE04EC0-301F-11D3-BF4B-00C04F79EFBC}") = "EmployeeManagement.Web", "EmployeeManagement.Web\EmployeeManagement.Web.csproj", "{7F181ABB-1A4B-4ECF-9E67-1E326CE87163}"
EndProject
Global
	GlobalSection(SolutionConfigurationPlatforms) = preSolution
		Debug|Any CPU = Debug|Any CPU
		Release|Any CPU = Release|Any CPU
	EndGlobalSection
	GlobalSection(ProjectConfigurationPlatforms) = postSolution
		{8EA6832B-BB53-4304-BE56-AB54D633AD52}.Debug|Any CPU.ActiveCfg = Debug|Any CPU
		{8EA6832B-BB53-4304-BE56-AB54D633AD52}.Debug|Any CPU.Build.0 = Debug|Any CPU
		{8EA6832B-BB53-4304-BE56-AB54D633AD52}.Release|Any CPU.ActiveCfg = Release|Any CPU
		{8EA6832B-BB53-4304-BE56-AB54D633AD52}.Release|Any CPU.Build.0 = Release|Any CPU
		{7F181ABB-1A4B-4ECF-9E67-1E326CE87163}.Debug|Any CPU.ActiveCfg = Debug|Any CPU
		{7F181ABB-1A4B-4ECF-9E67-1E326CE87163}.Debug|Any CPU.Build.0 = Debug|Any CPU
		{7F181ABB-1A4B-4ECF-9E67-1E326CE87163}.Release|Any CPU.ActiveCfg = Release|Any CPU
		{7F181ABB-1A4B-4ECF-9E67-1E326CE87163}.Release|Any CPU.Build.0 = Release|Any CPU
	EndGlobalSection
	GlobalSection(SolutionProperties) = preSolution
		HideSolutionNode = FALSE
	EndGlobalSection
	GlobalSection(ExtensibilityGlobals) = postSolution
		SolutionGuid = {468EF586-2A4F-47DD-8370-42D1BA11B171}
	EndGlobalSection
EndGlobal
